
Microsoft Visual Studio Solution File, Format Version 12.00
# Visual Studio 15
VisualStudioVersion = 15.0.27428.2005
MinimumVisualStudioVersion = 10.0.40219.1
Project("{FAE04EC0-301F-11D3-BF4B-00C04F79EFBC}") = "StringSum", "StringSum\StringSum.csproj", "{0334DB9C-4F27-40B0-BAFC-DA9D2FD6EF4E}"
EndProject
Project("{FAE04EC0-301F-11D3-BF4B-00C04F79EFBC}") = "StringSum.Test", "StringSum.Test\StringSum.Test.csproj", "{AFE14053-C49A-4881-8BEA-02EC42FB5BB5}"
EndProject
Global
	GlobalSection(SolutionConfigurationPlatforms) = preSolution
		Debug|Any CPU = Debug|Any CPU
		Release|Any CPU = Release|Any CPU
	EndGlobalSection
	GlobalSection(ProjectConfigurationPlatforms) = postSolution
		{0334DB9C-4F27-40B0-BAFC-DA9D2FD6EF4E}.Debug|Any CPU.ActiveCfg = Debug|Any CPU
		{0334DB9C-4F27-40B0-BAFC-DA9D2FD6EF4E}.Debug|Any CPU.Build.0 = Debug|Any CPU
		{0334DB9C-4F27-40B0-BAFC-DA9D2FD6EF4E}.Release|Any CPU.ActiveCfg = Release|Any CPU
		{0334DB9C-4F27-40B0-BAFC-DA9D2FD6EF4E}.Release|Any CPU.Build.0 = Release|Any CPU
		{AFE14053-C49A-4881-8BEA-02EC42FB5BB5}.Debug|Any CPU.ActiveCfg = Debug|Any CPU
		{AFE14053-C49A-4881-8BEA-02EC42FB5BB5}.Debug|Any CPU.Build.0 = Debug|Any CPU
		{AFE14053-C49A-4881-8BEA-02EC42FB5BB5}.Release|Any CPU.ActiveCfg = Release|Any CPU
		{AFE14053-C49A-4881-8BEA-02EC42FB5BB5}.Release|Any CPU.Build.0 = Release|Any CPU
	EndGlobalSection
	GlobalSection(SolutionProperties) = preSolution
		HideSolutionNode = FALSE
	EndGlobalSection
	GlobalSection(ExtensibilityGlobals) = postSolution
		SolutionGuid = {AAD0E077-B64F-4447-858F-976A43DA3069}
	EndGlobalSection
EndGlobal
